
Microsoft Visual Studio Solution File, Format Version 12.00
# Visual Studio Version 17
VisualStudioVersion = 17.14.37614.0 d17.14
MinimumVisualStudioVersion = 10.0.40219.1
Project("{FAE04EC0-301F-11D3-BF4B-00C04F79EFBC}") = "C-Sharp-Arrays-4", "C-Sharp-Arrays-4\C-Sharp-Arrays-4.csproj", "{A030E0A2-85AA-4BD7-9F78-0C750F95B418}"
EndProject
Global
	GlobalSection(SolutionConfigurationPlatforms) = preSolution
		Debug|Any CPU = Debug|Any CPU
		Release|Any CPU = Release|Any CPU
	EndGlobalSection
	GlobalSection(ProjectConfigurationPlatforms) = postSolution
		{A030E0A2-85AA-4BD7-9F78-0C750F95B418}.Debug|Any CPU.ActiveCfg = Debug|Any CPU
		{A030E0A2-85AA-4BD7-9F78-0C750F95B418}.Debug|Any CPU.Build.0 = Debug|Any CPU
		{A030E0A2-85AA-4BD7-9F78-0C750F95B418}.Release|Any CPU.ActiveCfg = Release|Any CPU
		{A030E0A2-85AA-4BD7-9F78-0C750F95B418}.Release|Any CPU.Build.0 = Release|Any CPU
	EndGlobalSection
	GlobalSection(SolutionProperties) = preSolution
		HideSolutionNode = FALSE
	EndGlobalSection
	GlobalSection(ExtensibilityGlobals) = postSolution
		SolutionGuid = {22024E8E-312D-4677-8657-7F000476C792}
	EndGlobalSection
EndGlobal
